
Microsoft Visual Studio Solution File, Format Version 12.00
# Visual Studio Version 16
VisualStudioVersion = 16.0.30907.101
MinimumVisualStudioVersion = 10.0.40219.1
Project("{FAE04EC0-301F-11D3-BF4B-00C04F79EFBC}") = "Collatz-Conjecture", "Collatz-Conjecture\Collatz-Conjecture.csproj", "{990D8BBA-5B5E-4A25-A14C-1C7D636C40E2}"
EndProject
Global
	GlobalSection(SolutionConfigurationPlatforms) = preSolution
		Debug|Any CPU = Debug|Any CPU
		Release|Any CPU = Release|Any CPU
	EndGlobalSection
	GlobalSection(ProjectConfigurationPlatforms) = postSolution
		{990D8BBA-5B5E-4A25-A14C-1C7D636C40E2}.Debug|Any CPU.ActiveCfg = Debug|Any CPU
		{990D8BBA-5B5E-4A25-A14C-1C7D636C40E2}.Debug|Any CPU.Build.0 = Debug|Any CPU
		{990D8BBA-5B5E-4A25-A14C-1C7D636C40E2}.Release|Any CPU.ActiveCfg = Release|Any CPU
		{990D8BBA-5B5E-4A25-A14C-1C7D636C40E2}.Release|Any CPU.Build.0 = Release|Any CPU
	EndGlobalSection
	GlobalSection(SolutionProperties) = preSolution
		HideSolutionNode = FALSE
	EndGlobalSection
	GlobalSection(ExtensibilityGlobals) = postSolution
		SolutionGuid = {826593BF-3C52-4291-AB49-EEC6074A180E}
	EndGlobalSection
EndGlobal
